{
    "_readme": [
        "This file locks the dependencies of your project to a known state",
        "Read more about it at https://getcomposer.org/doc/01-basic-usage.md#installing-dependencies",
        "This file is @generated automatically"
    ],
    "content-hash": "ac5eb2af3ad1ca176ca29c319c7dd66b",
    "packages": [
        {
            "name": "symfony/options-resolver",
            "version": "v3.4.13",
            "source": {
                "type": "git",
                "url": "https://github.com/symfony/options-resolver.git",
                "reference": "638f5ad40a6400d78568187522731e5643eed60a"
            },
            "dist": {
                "type": "zip",
                "url": "https://api.github.com/repos/symfony/options-resolver/zipball/638f5ad40a6400d78568187522731e5643eed60a",
                "reference": "638f5ad40a6400d78568187522731e5643eed60a",
                "shasum": ""
            },
            "require": {
                "php": "^5.5.9|>=7.0.8"
            },
            "type": "library",
            "extra": {
                "branch-alias": {
                    "dev-master": "3.4-dev"
                }
            },
            "autoload": {
                "psr-4": {
                    "Symfony\\Component\\OptionsResolver\\": ""
                },
                "exclude-from-classmap": [
                    "/Tests/"
                ]
            },
            "notification-url": "https://packagist.org/downloads/",
            "license": [
                "MIT"
            ],
            "authors": [
                {
                    "name": "Fabien Potencier",
                    "email": "fabien@symfony.com"
                },
                {
                    "name": "Symfony Community",
                    "homepage": "https://symfony.com/contributors"
                }
            ],
            "description": "Symfony OptionsResolver Component",
            "homepage": "https://symfony.com",
            "keywords": [
                "config",
                "configuration",
                "options"
            ],
            "time": "2018-07-07T15:09:44+00:00"
        },
        {
            "name": "symfony/polyfill-iconv",
            "version": "v1.8.0",
            "source": {
                "type": "git",
                "url": "https://github.com/symfony/polyfill-iconv.git",
                "reference": "7cb8436a814d5b0fcf292810ee26f8b0cb47584d"
            },
            "dist": {
                "type": "zip",
                "url": "https://api.github.com/repos/symfony/polyfill-iconv/zipball/7cb8436a814d5b0fcf292810ee26f8b0cb47584d",
                "reference": "7cb8436a814d5b0fcf292810ee26f8b0cb47584d",
                "shasum": ""
            },
            "require": {
                "php": ">=5.3.3"
            },
            "suggest": {
                "ext-iconv": "For best performance"
            },
            "type": "library",
            "extra": {
                "branch-alias": {
                    "dev-master": "1.8-dev"
                }
            },
            "autoload": {
                "psr-4": {
                    "Symfony\\Polyfill\\Iconv\\": ""
                },
                "files": [
                    "bootstrap.php"
                ]
            },
            "notification-url": "https://packagist.org/downloads/",
            "license": [
                "MIT"
            ],
            "authors": [
                {
                    "name": "Nicolas Grekas",
                    "email": "p@tchwork.com"
                },
                {
                    "name": "Symfony Community",
                    "homepage": "https://symfony.com/contributors"
                }
            ],
            "description": "Symfony polyfill for the Iconv extension",
            "homepage": "https://symfony.com",
            "keywords": [
                "compatibility",
                "iconv",
                "polyfill",
                "portable",
                "shim"
            ],
            "time": "2018-04-26T10:06:28+00:00"
        },
        {
            "name": "wsdl2phpgenerator/wsdl2phpgenerator",
            "version": "3.4.0",
            "source": {
                "type": "git",
                "url": "https://github.com/wsdl2phpgenerator/wsdl2phpgenerator.git",
                "reference": "558c8a66677c117de2db5f5a4ae7f327c4b67f67"
            },
            "dist": {
                "type": "zip",
                "url": "https://api.github.com/repos/wsdl2phpgenerator/wsdl2phpgenerator/zipball/558c8a66677c117de2db5f5a4ae7f327c4b67f67",
                "reference": "558c8a66677c117de2db5f5a4ae7f327c4b67f67",
                "shasum": ""
            },
            "require": {
                "ext-soap": "*",
                "php": ">=5.3.0",
                "symfony/options-resolver": "~2.6|~3.0",
                "symfony/polyfill-iconv": "^1.2"
            },
            "require-dev": {
                "kasperg/phing-github": "0.2.*",
                "phing/phing": "~2.7",
                "php-vcr/php-vcr": "1.2 - 1.2.7|^1.3.1",
                "php-vcr/phpunit-testlistener-vcr": "~1.1.2",
                "phpunit/phpunit": "~4.4",
                "psr/log": "~1.0",
                "symfony/yaml": "~2.1"
            },
            "type": "library",
            "autoload": {
                "psr-4": {
                    "Wsdl2PhpGenerator\\": [
                        "src/",
                        "lib/"
                    ]
                }
            },
            "notification-url": "https://packagist.org/downloads/",
            "license": [
                "MIT"
            ],
            "description": "Simple class library for generating php classes from a wsdl file.",
            "keywords": [
                "soap",
                "wsdl"
            ],
            "time": "2016-10-30T21:02:36+00:00"
        }
    ],
    "packages-dev": [],
    "aliases": [],
    "minimum-stability": "stable",
    "stability-flags": [],
    "prefer-stable": false,
    "prefer-lowest": false,
    "platform": [],
    "platform-dev": []
}
